# THIS IS AN AUTOGENERATED FILE. DO NOT EDIT THIS FILE DIRECTLY.
# yarn lockfile v1


"@miniprogram-component-plus/tabs@^1.0.0":
  version "1.0.0"
  resolved "https://registry.npm.taobao.org/@miniprogram-component-plus/tabs/download/@miniprogram-component-plus/tabs-1.0.0.tgz#cbf6b4e3ce7c4ac8ad790a844b407155f07d9ed7"
  integrity sha1-y/a04858SsiteQqES0BxVfB9ntc=

"@vant/weapp@^1.2.1":
  version "1.2.1"
  resolved "https://registry.npm.taobao.org/@vant/weapp/download/@vant/weapp-1.2.1.tgz#2fe3d48e611bff679e2fb130ae1040f41b464bcc"
  integrity sha1-L+PUjmEb/2eeL7EwrhBA9BtGS8w=

asn1@^0.2.4:
  version "0.2.4"
  resolved "https://registry.npm.taobao.org/asn1/download/asn1-0.2.4.tgz#8d2475dfab553bb33e77b54e59e880bb8ce23136"
  integrity sha1-jSR136tVO7M+d7VOWeiAu4ziMTY=
  dependencies:
    safer-buffer "~2.1.0"

miniprogram-api-promise@^1.0.4:
  version "1.0.4"
  resolved "https://registry.npm.taobao.org/miniprogram-api-promise/download/miniprogram-api-promise-1.0.4.tgz#fefe9b72923fd31f88b12463b502cb457c892b4c"
  integrity sha1-/v6bcpI/0x+IsSRjtQLLRXyJK0w=

miniprogram-recycle-view@^0.1.5:
  version "0.1.5"
  resolved "https://registry.npm.taobao.org/miniprogram-recycle-view/download/miniprogram-recycle-view-0.1.5.tgz#854c2fe0df63c2165f739c8e0446aa35aa6c7d78"
  integrity sha1-hUwv4N9jwhZfc5yOBEaqNapsfXg=

node-rsa@^1.0.8:
  version "1.0.8"
  resolved "https://registry.npm.taobao.org/node-rsa/download/node-rsa-1.0.8.tgz#29a4517380f3272cd2073ff4d4c1ca44127ea4ad"
  integrity sha1-KaRRc4DzJyzSBz/01MHKRBJ+pK0=
  dependencies:
    asn1 "^0.2.4"

safer-buffer@~2.1.0:
  version "2.1.2"
  resolved "https://registry.npm.taobao.org/safer-buffer/download/safer-buffer-2.1.2.tgz#44fa161b0187b9549dd84bb91802f9bd8385cd6a"
  integrity sha1-RPoWGwGHuVSd2Eu5GAL5vYOFzWo=

weui-miniprogram@^0.2.2:
  version "0.2.2"
  resolved "https://registry.npm.taobao.org/weui-miniprogram/download/weui-miniprogram-0.2.2.tgz#4e188e627f3a59b2ed6885bf55f8f4b9d080ed65"
  integrity sha1-ThiOYn86WbLtaIW/Vfj0udCA7WU=
